{
    "_readme": [
        "This file locks the dependencies of your project to a known state",
        "Read more about it at https://getcomposer.org/doc/01-basic-usage.md#composer-lock-the-lock-file",
        "This file is @generated automatically"
    ],
    "content-hash": "0101fc419ae6428e2240bae69aa51c23",
    "packages": [
        {
            "name": "overtrue/laravel-wechat",
            "version": "2.1.2",
            "source": {
                "type": "git",
                "url": "https://github.com/overtrue/laravel-wechat.git",
                "reference": "63287d6f5053cffbbc22554a8f44f56406c1de20"
            },
            "dist": {
                "type": "zip",
                "url": "https://files.phpcomposer.com/files/overtrue/laravel-wechat/63287d6f5053cffbbc22554a8f44f56406c1de20.zip",
                "reference": "63287d6f5053cffbbc22554a8f44f56406c1de20",
                "shasum": ""
            },
            "require": {
                "overtrue/wechat": "2.1.*"
            },
            "type": "library",
            "extra": {
                "branch-alias": {
                    "dev-master": "2.1-dev"
                }
            },
            "autoload": {
                "psr-4": {
                    "Overtrue\\LaravelWechat\\": "src/"
                }
            },
            "notification-url": "https://packagist.org/downloads/",
            "license": [
                "MIT"
            ],
            "authors": [
                {
                    "name": "overtrue",
                    "email": "anzhengchao@gmail.com"
                }
            ],
            "description": "微信 SDK for Laravel",
            "keywords": [
                "laravel",
                "sdk",
                "wechat",
                "weixin"
            ],
            "time": "2015-12-21T02:49:02+00:00"
        },
        {
            "name": "overtrue/wechat",
            "version": "2.1.41",
            "source": {
                "type": "git",
                "url": "https://github.com/overtrue/wechat.git",
                "reference": "5c2dd4e207cb9f15cfde791782191e9865e68b8f"
            },
            "dist": {
                "type": "zip",
                "url": "https://files.phpcomposer.com/files/overtrue/wechat/5c2dd4e207cb9f15cfde791782191e9865e68b8f.zip",
                "reference": "5c2dd4e207cb9f15cfde791782191e9865e68b8f",
                "shasum": ""
            },
            "require": {
                "ext-openssl": "*",
                "php": ">=5.3"
            },
            "require-dev": {
                "phpunit/phpunit": "~4.0"
            },
            "type": "library",
            "autoload": {
                "psr-4": {
                    "Overtrue\\Wechat\\": "src/Wechat/"
                }
            },
            "notification-url": "https://packagist.org/downloads/",
            "license": [
                "MIT"
            ],
            "authors": [
                {
                    "name": "overtrue",
                    "email": "anzhengchao@gmail.com"
                }
            ],
            "description": "微信SDK",
            "keywords": [
                "sdk",
                "wechat",
                "weixin",
                "weixin-sdk"
            ],
            "time": "2016-09-05T02:59:07+00:00"
        }
    ],
    "packages-dev": [],
    "aliases": [],
    "minimum-stability": "stable",
    "stability-flags": [],
    "prefer-stable": false,
    "prefer-lowest": false,
    "platform": [],
    "platform-dev": []
}
